Microsoft Visual Studio Solution File, Format Version 12.00
# Visual Studio Version 17
VisualStudioVersion = 17.5.2.0
MinimumVisualStudioVersion = 10.0.40219.1
Project("{FAE04EC0-301F-11D3-BF4B-00C04F79EFBC}") = "GamesDatabase.Api", "GamesDatabase.Api.csproj", "{35CB1B37-80AB-5DCD-9F64-5903756E8120}"
EndProject
Global
	GlobalSection(SolutionConfigurationPlatforms) = preSolution
		Debug|Any CPU = Debug|Any CPU
		Release|Any CPU = Release|Any CPU
	EndGlobalSection
	GlobalSection(ProjectConfigurationPlatforms) = postSolution
		{35CB1B37-80AB-5DCD-9F64-5903756E8120}.Debug|Any CPU.ActiveCfg = Debug|Any CPU
		{35CB1B37-80AB-5DCD-9F64-5903756E8120}.Debug|Any CPU.Build.0 = Debug|Any CPU
		{35CB1B37-80AB-5DCD-9F64-5903756E8120}.Release|Any CPU.ActiveCfg = Release|Any CPU
		{35CB1B37-80AB-5DCD-9F64-5903756E8120}.Release|Any CPU.Build.0 = Release|Any CPU
	EndGlobalSection
	GlobalSection(SolutionProperties) = preSolution
		HideSolutionNode = FALSE
	EndGlobalSection
	GlobalSection(ExtensibilityGlobals) = postSolution
		SolutionGuid = {20C519C3-FCC8-4E57-A557-963A02DAA5F5}
	EndGlobalSection
EndGlobal
